PODS:
  - Alamofire (4.7.3)
  - CocoaLumberjack/Default (3.4.2)
  - CocoaLumberjack/Swift (3.4.2):
    - CocoaLumberjack/Default
  - Dip (7.0.0)
  - Kingfisher (4.10.0)
  - RxCocoa (4.3.1):
    - RxSwift (~> 4.0)
  - RxSwift (4.3.1)
  - SwiftHEXColors (1.1.2)

DEPENDENCIES:
  - Alamofire
  - CocoaLumberjack/Swift
  - Dip (~> 7.0)
  - Kingfisher
  - RxCocoa
  - RxSwift
  - SwiftHEXColors

SPEC REPOS:
  https://github.com/cocoapods/specs.git:
    - Alamofire
    - CocoaLumberjack
    - Dip
    - Kingfisher
    - RxCocoa
    - RxSwift
    - SwiftHEXColors

SPEC CHECKSUMS:
  Alamofire: c7287b6e5d7da964a70935e5db17046b7fde6568
  CocoaLumberjack: db7cc9e464771f12054c22ff6947c5a58d43a0fd
  Dip: 996ce76ec9170ca3c260683d2815596dd2bf99c6
  Kingfisher: 43c4b802d8b5256cf1f4379e9cd10b329be6d3e2
  RxCocoa: 78763c7b07d02455598d9fc3c1ad091a28b73635
  RxSwift: fe0fd770a43acdb7d0a53da411c9b892e69bb6e4
  SwiftHEXColors: 7f9f7e6bdce888d821e11749279733e5ddff5f51

PODFILE CHECKSUM: ba2323f72b498155bc9bb4ad2382484fcc1be6b1

COCOAPODS: 1.5.3
