// !$*UTF8*$!
{
	archiveVersion = 1;
	classes = {
	};
	objectVersion = 50;
	objects = {

/* Begin PBXBuildFile section */
		0AA7E269A7D5FB71E5348C78 /* Pods_DTrip.framework in Frameworks */ = {isa = PBXBuildFile; fileRef = 3160CC333263ABC79C3019DF /* Pods_DTrip.framework */; };
		37D027813C0E769882329662 /* Pods_DTripTests.framework in Frameworks */ = {isa = PBXBuildFile; fileRef = 640008754F1848004EDCDA24 /* Pods_DTripTests.framework */; };
		402EB1EB8AEF0CC6E99DE06F /* GradientView.swift in Sources */ = {isa = PBXBuildFile; fileRef = 402EB9CBD2225D75A88AE7FE /* GradientView.swift */; };
		402EB1F6318E6927219DE41C /* PostsAssembly.swift in Sources */ = {isa = PBXBuildFile; fileRef = 402EBF5E4CD7AF974FB0CD6A /* PostsAssembly.swift */; };
		402EB47A2AE5C23C9881A6A0 /* PostViewController.swift in Sources */ = {isa = PBXBuildFile; fileRef = 402EB67541300FE0C51095B4 /* PostViewController.swift */; };
		402EB51C3E541BE22459AFB9 /* PostCoordinator.swift in Sources */ = {isa = PBXBuildFile; fileRef = 402EBC40718D4213F61D4F61 /* PostCoordinator.swift */; };
		402EB5CE78D41F0E0CE8BA78 /* PostAssembly.swift in Sources */ = {isa = PBXBuildFile; fileRef = 402EBC418A0B1BC4EFD3EE75 /* PostAssembly.swift */; };
		402EB60E9C83C71CC37D668D /* PostsViewController.swift in Sources */ = {isa = PBXBuildFile; fileRef = 402EBEA07B3BD74D5316F68F /* PostsViewController.swift */; };
		402EB7357A3F197CA31F3F35 /* PostViewModel.swift in Sources */ = {isa = PBXBuildFile; fileRef = 402EB84A62BBD794DF13A279 /* PostViewModel.swift */; };
		402EB940D5B9C590F8FEB858 /* PostTableViewCell.swift in Sources */ = {isa = PBXBuildFile; fileRef = 402EB1258331CBAF48EEBADA /* PostTableViewCell.swift */; };
		402EB9AFF5D1E820CFAE2630 /* Spaces.swift in Sources */ = {isa = PBXBuildFile; fileRef = 402EBBD488E3DB5081618DDD /* Spaces.swift */; };
		402EBA2620E63F5E719FC8F7 /* PostsCoordinator.swift in Sources */ = {isa = PBXBuildFile; fileRef = 402EBBA03A4535984C140B9A /* PostsCoordinator.swift */; };
		402EBA918B2067D20E27A49F /* PostView.swift in Sources */ = {isa = PBXBuildFile; fileRef = 402EB6BB06DF361CDFAC2B9E /* PostView.swift */; };
		402EBDB9411F180B51039C2D /* UIImage.swift in Sources */ = {isa = PBXBuildFile; fileRef = 402EB37ADD3CF024C578508E /* UIImage.swift */; };
		402EBF0E7227564E50E13F3D /* PostsViewModel.swift in Sources */ = {isa = PBXBuildFile; fileRef = 402EBCE58329BCEE428B4CC1 /* PostsViewModel.swift */; };
		EC13ACF3219E0ACA001F0484 /* String.swift in Sources */ = {isa = PBXBuildFile; fileRef = EC13ACF2219E0ACA001F0484 /* String.swift */; };
		EC13ACF921A35CAB001F0484 /* bundle.js in Resources */ = {isa = PBXBuildFile; fileRef = EC13ACF821A35CAB001F0484 /* bundle.js */; };
		EC13ACFB21A4B076001F0484 /* BodyPostModel.swift in Sources */ = {isa = PBXBuildFile; fileRef = EC13ACFA21A4B076001F0484 /* BodyPostModel.swift */; };
		EC13ACFE21AA1716001F0484 /* ViewModel.swift in Sources */ = {isa = PBXBuildFile; fileRef = EC13ACFD21AA1716001F0484 /* ViewModel.swift */; };
		EC13AD0021AABB02001F0484 /* UIViewController+Reactive.swift in Sources */ = {isa = PBXBuildFile; fileRef = EC13ACFF21AABB02001F0484 /* UIViewController+Reactive.swift */; };
		EC16E98F219171270099C4FE /* LocatioGeometryType.swift in Sources */ = {isa = PBXBuildFile; fileRef = EC16E98E219171270099C4FE /* LocatioGeometryType.swift */; };
		EC16E991219171C40099C4FE /* MapPointModel.swift in Sources */ = {isa = PBXBuildFile; fileRef = EC16E990219171C40099C4FE /* MapPointModel.swift */; };
		EC16E994219240360099C4FE /* MapMarkerView.swift in Sources */ = {isa = PBXBuildFile; fileRef = EC16E993219240360099C4FE /* MapMarkerView.swift */; };
		EC16E997219242240099C4FE /* MapClusterMarkerView.swift in Sources */ = {isa = PBXBuildFile; fileRef = EC16E996219242240099C4FE /* MapClusterMarkerView.swift */; };
		EC16E9C1219383590099C4FE /* AppParameters.swift in Sources */ = {isa = PBXBuildFile; fileRef = EC16E9C0219383590099C4FE /* AppParameters.swift */; };
		EC16E9CA219639420099C4FE /* PostManagerParser.swift in Sources */ = {isa = PBXBuildFile; fileRef = EC16E9C9219639420099C4FE /* PostManagerParser.swift */; };
		EC16E9CE219647200099C4FE /* NodeContentResponseModel.swift in Sources */ = {isa = PBXBuildFile; fileRef = EC16E9CC2196471F0099C4FE /* NodeContentResponseModel.swift */; };
		EC16E9D0219647B00099C4FE /* NodeContentModel.swift in Sources */ = {isa = PBXBuildFile; fileRef = EC16E9CF219647B00099C4FE /* NodeContentModel.swift */; };
		EC16E9D2219647ED0099C4FE /* ActiveVoteModel.swift in Sources */ = {isa = PBXBuildFile; fileRef = EC16E9D1219647ED0099C4FE /* ActiveVoteModel.swift */; };
		EC16E9D4219648170099C4FE /* ContentType.swift in Sources */ = {isa = PBXBuildFile; fileRef = EC16E9D3219648170099C4FE /* ContentType.swift */; };
		EC16E9D6219648370099C4FE /* Reputation.swift in Sources */ = {isa = PBXBuildFile; fileRef = EC16E9D5219648370099C4FE /* Reputation.swift */; };
		EC16E9D8219648F20099C4FE /* ContentMetaModel.swift in Sources */ = {isa = PBXBuildFile; fileRef = EC16E9D7219648F20099C4FE /* ContentMetaModel.swift */; };
		EC16E9DA2196490C0099C4FE /* LocationModel.swift in Sources */ = {isa = PBXBuildFile; fileRef = EC16E9D92196490C0099C4FE /* LocationModel.swift */; };
		EC16E9DE21964A650099C4FE /* PostModel.swift in Sources */ = {isa = PBXBuildFile; fileRef = EC16E9DD21964A650099C4FE /* PostModel.swift */; };
		EC16E9E021973AA90099C4FE /* Date.swift in Sources */ = {isa = PBXBuildFile; fileRef = EC16E9DF21973AA90099C4FE /* Date.swift */; };
		EC16E9E221974BCA0099C4FE /* SearchContenItemModel.swift in Sources */ = {isa = PBXBuildFile; fileRef = EC16E9E121974BCA0099C4FE /* SearchContenItemModel.swift */; };
		EC16E9E421974DDF0099C4FE /* PostIdentifier.swift in Sources */ = {isa = PBXBuildFile; fileRef = EC16E9E321974DDF0099C4FE /* PostIdentifier.swift */; };
		EC16E9EA219864780099C4FE /* AccountMetaModel.swift in Sources */ = {isa = PBXBuildFile; fileRef = EC16E9E9219864780099C4FE /* AccountMetaModel.swift */; };
		EC16E9EC219867130099C4FE /* NodeAccountResponseModel.swift in Sources */ = {isa = PBXBuildFile; fileRef = EC16E9EB219867120099C4FE /* NodeAccountResponseModel.swift */; };
		EC16E9EE219867360099C4FE /* NodeAccountModel.swift in Sources */ = {isa = PBXBuildFile; fileRef = EC16E9ED219867360099C4FE /* NodeAccountModel.swift */; };
		EC16E9F0219867F80099C4FE /* AccountModel.swift in Sources */ = {isa = PBXBuildFile; fileRef = EC16E9EF219867F80099C4FE /* AccountModel.swift */; };
		EC3CB7E221ADEB5400A2FB30 /* ImageLoadingIndicator.swift in Sources */ = {isa = PBXBuildFile; fileRef = EC3CB7E121ADEB5400A2FB30 /* ImageLoadingIndicator.swift */; };
		EC3CB7E421B09A0800A2FB30 /* PostViewWebViewFactory.swift in Sources */ = {isa = PBXBuildFile; fileRef = EC3CB7E321B09A0800A2FB30 /* PostViewWebViewFactory.swift */; };
		EC3CB7E621B3F7B200A2FB30 /* style.css in Resources */ = {isa = PBXBuildFile; fileRef = EC3CB7E521B3F7B200A2FB30 /* style.css */; };
		EC78E71B2190935800C19421 /* Networking.swift in Sources */ = {isa = PBXBuildFile; fileRef = EC78E71A2190935800C19421 /* Networking.swift */; };
		EC78E71E2190998A00C19421 /* PostManagerNetworking.swift in Sources */ = {isa = PBXBuildFile; fileRef = EC78E71D2190998A00C19421 /* PostManagerNetworking.swift */; };
		EC78E7202190999A00C19421 /* Data.swift in Sources */ = {isa = PBXBuildFile; fileRef = EC78E71F2190999A00C19421 /* Data.swift */; };
		EC78E722219099FB00C19421 /* DateDecodingStrategy.swift in Sources */ = {isa = PBXBuildFile; fileRef = EC78E721219099FB00C19421 /* DateDecodingStrategy.swift */; };
		EC78E7252190A86700C19421 /* SearchContentResponseModel.swift in Sources */ = {isa = PBXBuildFile; fileRef = EC78E7242190A86700C19421 /* SearchContentResponseModel.swift */; };
		EC78E72B2190AED000C19421 /* Observable.swift in Sources */ = {isa = PBXBuildFile; fileRef = EC78E72A2190AED000C19421 /* Observable.swift */; };
		ECBAC41C21ACA26B00215738 /* LoadingView.swift in Sources */ = {isa = PBXBuildFile; fileRef = ECBAC41B21ACA26B00215738 /* LoadingView.swift */; };
		ECC0FDBC21B49E7C00BA44D3 /* SwiftyConnect.framework in Frameworks */ = {isa = PBXBuildFile; fileRef = ECC0FDBB21B49E7C00BA44D3 /* SwiftyConnect.framework */; };
		ECC3BEF621793BF900B6E87B /* AppDelegate.swift in Sources */ = {isa = PBXBuildFile; fileRef = ECC3BEF521793BF900B6E87B /* AppDelegate.swift */; };
		ECC3BF0021793BFA00B6E87B /* LaunchScreen.storyboard in Resources */ = {isa = PBXBuildFile; fileRef = ECC3BEFE21793BFA00B6E87B /* LaunchScreen.storyboard */; };
		ECC3BF0B21793BFA00B6E87B /* DTripTests.swift in Sources */ = {isa = PBXBuildFile; fileRef = ECC3BF0A21793BFA00B6E87B /* DTripTests.swift */; };
		ECC3BF1621793F0700B6E87B /* AppCoordinator.swift in Sources */ = {isa = PBXBuildFile; fileRef = ECC3BF1521793F0700B6E87B /* AppCoordinator.swift */; };
		ECC3BF1821793F0D00B6E87B /* AppContainer.swift in Sources */ = {isa = PBXBuildFile; fileRef = ECC3BF1721793F0D00B6E87B /* AppContainer.swift */; };
		ECC3BF2221793FD500B6E87B /* UIColor.swift in Sources */ = {isa = PBXBuildFile; fileRef = ECC3BF2021793FD300B6E87B /* UIColor.swift */; };
		ECC3BF2321793FD500B6E87B /* Assets.xcassets in Resources */ = {isa = PBXBuildFile; fileRef = ECC3BF2121793FD400B6E87B /* Assets.xcassets */; };
		ECC3BF2821793FF500B6E87B /* MainViewController.swift in Sources */ = {isa = PBXBuildFile; fileRef = ECC3BF2421793FF400B6E87B /* MainViewController.swift */; };
		ECC3BF2921793FF500B6E87B /* MainCoordinator.swift in Sources */ = {isa = PBXBuildFile; fileRef = ECC3BF2521793FF400B6E87B /* MainCoordinator.swift */; };
		ECC3BF2A21793FF500B6E87B /* MainAssembly.swift in Sources */ = {isa = PBXBuildFile; fileRef = ECC3BF2621793FF500B6E87B /* MainAssembly.swift */; };
		ECC3BF2B21793FF500B6E87B /* MainViewModel.swift in Sources */ = {isa = PBXBuildFile; fileRef = ECC3BF2721793FF500B6E87B /* MainViewModel.swift */; };
		ECC3BF3E2179400300B6E87B /* Log.swift in Sources */ = {isa = PBXBuildFile; fileRef = ECC3BF302179400200B6E87B /* Log.swift */; };
		ECC3BF3F2179400300B6E87B /* LogManager.swift in Sources */ = {isa = PBXBuildFile; fileRef = ECC3BF312179400200B6E87B /* LogManager.swift */; };
		ECC3BF422179400300B6E87B /* ServicesAssembly.swift in Sources */ = {isa = PBXBuildFile; fileRef = ECC3BF342179400200B6E87B /* ServicesAssembly.swift */; };
		ECC3BF432179400300B6E87B /* RouterImp.swift in Sources */ = {isa = PBXBuildFile; fileRef = ECC3BF362179400300B6E87B /* RouterImp.swift */; };
		ECC3BF442179400300B6E87B /* Presentable.swift in Sources */ = {isa = PBXBuildFile; fileRef = ECC3BF372179400300B6E87B /* Presentable.swift */; };
		ECC3BF452179400300B6E87B /* Router.swift in Sources */ = {isa = PBXBuildFile; fileRef = ECC3BF382179400300B6E87B /* Router.swift */; };
		ECC3BF462179400300B6E87B /* Coordinator.swift in Sources */ = {isa = PBXBuildFile; fileRef = ECC3BF392179400300B6E87B /* Coordinator.swift */; };
		ECC3BF4A217940D500B6E87B /* UIViewController+Presentable.swift in Sources */ = {isa = PBXBuildFile; fileRef = ECC3BF49217940D500B6E87B /* UIViewController+Presentable.swift */; };
		ECC3BF53217BBC4F00B6E87B /* Config.swift in Sources */ = {isa = PBXBuildFile; fileRef = ECC3BF52217BBC4F00B6E87B /* Config.swift */; };
		ECC3BF57217BBD3100B6E87B /* FeedViewController.swift in Sources */ = {isa = PBXBuildFile; fileRef = ECC3BF56217BBD3100B6E87B /* FeedViewController.swift */; };
		ECC3BF59217BBD4700B6E87B /* FeedCoordinator.swift in Sources */ = {isa = PBXBuildFile; fileRef = ECC3BF58217BBD4700B6E87B /* FeedCoordinator.swift */; };
		ECC3BF5B217BBD5400B6E87B /* FeedViewModel.swift in Sources */ = {isa = PBXBuildFile; fileRef = ECC3BF5A217BBD5400B6E87B /* FeedViewModel.swift */; };
		ECC3BF5D217BBD6500B6E87B /* FeedAssembly.swift in Sources */ = {isa = PBXBuildFile; fileRef = ECC3BF5C217BBD6500B6E87B /* FeedAssembly.swift */; };
		ECC3BF5F217BC00400B6E87B /* MapViewController.swift in Sources */ = {isa = PBXBuildFile; fileRef = ECC3BF5E217BC00400B6E87B /* MapViewController.swift */; };
		ECC3BF61217BC01300B6E87B /* MapCoordinator.swift in Sources */ = {isa = PBXBuildFile; fileRef = ECC3BF60217BC01300B6E87B /* MapCoordinator.swift */; };
		ECC3BF63217BC01D00B6E87B /* MapViewModel.swift in Sources */ = {isa = PBXBuildFile; fileRef = ECC3BF62217BC01D00B6E87B /* MapViewModel.swift */; };
		ECC3BF65217BC02A00B6E87B /* MapAssembly.swift in Sources */ = {isa = PBXBuildFile; fileRef = ECC3BF64217BC02A00B6E87B /* MapAssembly.swift */; };
		ECF93B98217BEA2800641225 /* PostsManager.swift in Sources */ = {isa = PBXBuildFile; fileRef = ECF93B97217BEA2800641225 /* PostsManager.swift */; };
/* End PBXBuildFile section */

/* Begin PBXContainerItemProxy section */
		ECC3BF0721793BFA00B6E87B /* PBXContainerItemProxy */ = {
			isa = PBXContainerItemProxy;
			containerPortal = ECC3BEEA21793BF900B6E87B /* Project object */;
			proxyType = 1;
			remoteGlobalIDString = ECC3BEF121793BF900B6E87B;
			remoteInfo = DTrip;
		};
/* End PBXContainerItemProxy section */

/* Begin PBXCopyFilesBuildPhase section */
		EC16E9B721937FC40099C4FE /* Embed Frameworks */ = {
			isa = PBXCopyFilesBuildPhase;
			buildActionMask = 2147483647;
			dstPath = "";
			dstSubfolderSpec = 10;
			files = (
			);
			name = "Embed Frameworks";
			runOnlyForDeploymentPostprocessing = 0;
		};
/* End PBXCopyFilesBuildPhase section */

/* Begin PBXFileReference section */
		3160CC333263ABC79C3019DF /* Pods_DTrip.framework */ = {isa = PBXFileReference; explicitFileType = wrapper.framework; includeInIndex = 0; path = Pods_DTrip.framework; sourceTree = BUILT_PRODUCTS_DIR; };
		402EB1258331CBAF48EEBADA /* PostTableViewCell.swift */ = {isa = PBXFileReference; fileEncoding = 4; lastKnownFileType = sourcecode.swift; path = PostTableViewCell.swift; sourceTree = "<group>"; };
		402EB37ADD3CF024C578508E /* UIImage.swift */ = {isa = PBXFileReference; fileEncoding = 4; lastKnownFileType = sourcecode.swift; path = UIImage.swift; sourceTree = "<group>"; };
		402EB67541300FE0C51095B4 /* PostViewController.swift */ = {isa = PBXFileReference; fileEncoding = 4; lastKnownFileType = sourcecode.swift; path = PostViewController.swift; sourceTree = "<group>"; };
		402EB6BB06DF361CDFAC2B9E /* PostView.swift */ = {isa = PBXFileReference; fileEncoding = 4; lastKnownFileType = sourcecode.swift; path = PostView.swift; sourceTree = "<group>"; };
		402EB84A62BBD794DF13A279 /* PostViewModel.swift */ = {isa = PBXFileReference; fileEncoding = 4; lastKnownFileType = sourcecode.swift; path = PostViewModel.swift; sourceTree = "<group>"; };
		402EB9CBD2225D75A88AE7FE /* GradientView.swift */ = {isa = PBXFileReference; fileEncoding = 4; lastKnownFileType = sourcecode.swift; path = GradientView.swift; sourceTree = "<group>"; };
		402EBBA03A4535984C140B9A /* PostsCoordinator.swift */ = {isa = PBXFileReference; fileEncoding = 4; lastKnownFileType = sourcecode.swift; path = PostsCoordinator.swift; sourceTree = "<group>"; };
		402EBBD488E3DB5081618DDD /* Spaces.swift */ = {isa = PBXFileReference; fileEncoding = 4; lastKnownFileType = sourcecode.swift; path = Spaces.swift; sourceTree = "<group>"; };
		402EBC40718D4213F61D4F61 /* PostCoordinator.swift */ = {isa = PBXFileReference; fileEncoding = 4; lastKnownFileType = sourcecode.swift; path = PostCoordinator.swift; sourceTree = "<group>"; };
		402EBC418A0B1BC4EFD3EE75 /* PostAssembly.swift */ = {isa = PBXFileReference; fileEncoding = 4; lastKnownFileType = sourcecode.swift; path = PostAssembly.swift; sourceTree = "<group>"; };
		402EBCE58329BCEE428B4CC1 /* PostsViewModel.swift */ = {isa = PBXFileReference; fileEncoding = 4; lastKnownFileType = sourcecode.swift; path = PostsViewModel.swift; sourceTree = "<group>"; };
		402EBEA07B3BD74D5316F68F /* PostsViewController.swift */ = {isa = PBXFileReference; fileEncoding = 4; lastKnownFileType = sourcecode.swift; path = PostsViewController.swift; sourceTree = "<group>"; };
		402EBF5E4CD7AF974FB0CD6A /* PostsAssembly.swift */ = {isa = PBXFileReference; fileEncoding = 4; lastKnownFileType = sourcecode.swift; path = PostsAssembly.swift; sourceTree = "<group>"; };
		4765C32C729013BC10852D4C /* Pods-DTripTests.debug.xcconfig */ = {isa = PBXFileReference; includeInIndex = 1; lastKnownFileType = text.xcconfig; name = "Pods-DTripTests.debug.xcconfig"; path = "Pods/Target Support Files/Pods-DTripTests/Pods-DTripTests.debug.xcconfig"; sourceTree = "<group>"; };
		640008754F1848004EDCDA24 /* Pods_DTripTests.framework */ = {isa = PBXFileReference; explicitFileType = wrapper.framework; includeInIndex = 0; path = Pods_DTripTests.framework; sourceTree = BUILT_PRODUCTS_DIR; };
		72FC80167E76CC747D51DC26 /* Pods-DTrip.debug.xcconfig */ = {isa = PBXFileReference; includeInIndex = 1; lastKnownFileType = text.xcconfig; name = "Pods-DTrip.debug.xcconfig"; path = "Pods/Target Support Files/Pods-DTrip/Pods-DTrip.debug.xcconfig"; sourceTree = "<group>"; };
		A4497E4F816E7CC5F8E66E66 /* Pods-DTrip.release.xcconfig */ = {isa = PBXFileReference; includeInIndex = 1; lastKnownFileType = text.xcconfig; name = "Pods-DTrip.release.xcconfig"; path = "Pods/Target Support Files/Pods-DTrip/Pods-DTrip.release.xcconfig"; sourceTree = "<group>"; };
		C3C6BD1CD8F8345241D0FC43 /* Pods-DTripTests.release.xcconfig */ = {isa = PBXFileReference; includeInIndex = 1; lastKnownFileType = text.xcconfig; name = "Pods-DTripTests.release.xcconfig"; path = "Pods/Target Support Files/Pods-DTripTests/Pods-DTripTests.release.xcconfig"; sourceTree = "<group>"; };
		EC13ACF2219E0ACA001F0484 /* String.swift */ = {isa = PBXFileReference; fileEncoding = 4; lastKnownFileType = sourcecode.swift; path = String.swift; sourceTree = "<group>"; };
		EC13ACF821A35CAB001F0484 /* bundle.js */ = {isa = PBXFileReference; fileEncoding = 4; lastKnownFileType = sourcecode.javascript; path = bundle.js; sourceTree = "<group>"; };
		EC13ACFA21A4B076001F0484 /* BodyPostModel.swift */ = {isa = PBXFileReference; lastKnownFileType = sourcecode.swift; path = BodyPostModel.swift; sourceTree = "<group>"; };
		EC13ACFD21AA1716001F0484 /* ViewModel.swift */ = {isa = PBXFileReference; lastKnownFileType = sourcecode.swift; path = ViewModel.swift; sourceTree = "<group>"; };
		EC13ACFF21AABB02001F0484 /* UIViewController+Reactive.swift */ = {isa = PBXFileReference; lastKnownFileType = sourcecode.swift; path = "UIViewController+Reactive.swift"; sourceTree = "<group>"; };
		EC16E98E219171270099C4FE /* LocatioGeometryType.swift */ = {isa = PBXFileReference; lastKnownFileType = sourcecode.swift; path = LocatioGeometryType.swift; sourceTree = "<group>"; };
		EC16E990219171C40099C4FE /* MapPointModel.swift */ = {isa = PBXFileReference; lastKnownFileType = sourcecode.swift; path = MapPointModel.swift; sourceTree = "<group>"; };
		EC16E993219240360099C4FE /* MapMarkerView.swift */ = {isa = PBXFileReference; lastKnownFileType = sourcecode.swift; path = MapMarkerView.swift; sourceTree = "<group>"; };
		EC16E996219242240099C4FE /* MapClusterMarkerView.swift */ = {isa = PBXFileReference; lastKnownFileType = sourcecode.swift; path = MapClusterMarkerView.swift; sourceTree = "<group>"; };
		EC16E9C0219383590099C4FE /* AppParameters.swift */ = {isa = PBXFileReference; lastKnownFileType = sourcecode.swift; path = AppParameters.swift; sourceTree = "<group>"; };
		EC16E9C9219639420099C4FE /* PostManagerParser.swift */ = {isa = PBXFileReference; lastKnownFileType = sourcecode.swift; path = PostManagerParser.swift; sourceTree = "<group>"; };
		EC16E9CC2196471F0099C4FE /* NodeContentResponseModel.swift */ = {isa = PBXFileReference; fileEncoding = 4; lastKnownFileType = sourcecode.swift; path = NodeContentResponseModel.swift; sourceTree = "<group>"; };
		EC16E9CF219647B00099C4FE /* NodeContentModel.swift */ = {isa = PBXFileReference; fileEncoding = 4; lastKnownFileType = sourcecode.swift; path = NodeContentModel.swift; sourceTree = "<group>"; };
		EC16E9D1219647ED0099C4FE /* ActiveVoteModel.swift */ = {isa = PBXFileReference; fileEncoding = 4; lastKnownFileType = sourcecode.swift; path = ActiveVoteModel.swift; sourceTree = "<group>"; };
		EC16E9D3219648170099C4FE /* ContentType.swift */ = {isa = PBXFileReference; fileEncoding = 4; lastKnownFileType = sourcecode.swift; path = ContentType.swift; sourceTree = "<group>"; };
		EC16E9D5219648370099C4FE /* Reputation.swift */ = {isa = PBXFileReference; lastKnownFileType = sourcecode.swift; path = Reputation.swift; sourceTree = "<group>"; };
		EC16E9D7219648F20099C4FE /* ContentMetaModel.swift */ = {isa = PBXFileReference; lastKnownFileType = sourcecode.swift; path = ContentMetaModel.swift; sourceTree = "<group>"; };
		EC16E9D92196490C0099C4FE /* LocationModel.swift */ = {isa = PBXFileReference; lastKnownFileType = sourcecode.swift; path = LocationModel.swift; sourceTree = "<group>"; };
		EC16E9DD21964A650099C4FE /* PostModel.swift */ = {isa = PBXFileReference; lastKnownFileType = sourcecode.swift; path = PostModel.swift; sourceTree = "<group>"; };
		EC16E9DF21973AA90099C4FE /* Date.swift */ = {isa = PBXFileReference; lastKnownFileType = sourcecode.swift; path = Date.swift; sourceTree = "<group>"; };
		EC16E9E121974BCA0099C4FE /* SearchContenItemModel.swift */ = {isa = PBXFileReference; fileEncoding = 4; lastKnownFileType = sourcecode.swift; path = SearchContenItemModel.swift; sourceTree = "<group>"; };
		EC16E9E321974DDF0099C4FE /* PostIdentifier.swift */ = {isa = PBXFileReference; lastKnownFileType = sourcecode.swift; path = PostIdentifier.swift; sourceTree = "<group>"; };
		EC16E9E9219864780099C4FE /* AccountMetaModel.swift */ = {isa = PBXFileReference; lastKnownFileType = sourcecode.swift; path = AccountMetaModel.swift; sourceTree = "<group>"; };
		EC16E9EB219867120099C4FE /* NodeAccountResponseModel.swift */ = {isa = PBXFileReference; fileEncoding = 4; lastKnownFileType = sourcecode.swift; path = NodeAccountResponseModel.swift; sourceTree = "<group>"; };
		EC16E9ED219867360099C4FE /* NodeAccountModel.swift */ = {isa = PBXFileReference; fileEncoding = 4; lastKnownFileType = sourcecode.swift; path = NodeAccountModel.swift; sourceTree = "<group>"; };
		EC16E9EF219867F80099C4FE /* AccountModel.swift */ = {isa = PBXFileReference; lastKnownFileType = sourcecode.swift; path = AccountModel.swift; sourceTree = "<group>"; };
		EC3CB7E121ADEB5400A2FB30 /* ImageLoadingIndicator.swift */ = {isa = PBXFileReference; lastKnownFileType = sourcecode.swift; path = ImageLoadingIndicator.swift; sourceTree = "<group>"; };
		EC3CB7E321B09A0800A2FB30 /* PostViewWebViewFactory.swift */ = {isa = PBXFileReference; lastKnownFileType = sourcecode.swift; path = PostViewWebViewFactory.swift; sourceTree = "<group>"; };
		EC3CB7E521B3F7B200A2FB30 /* style.css */ = {isa = PBXFileReference; lastKnownFileType = text.css; path = style.css; sourceTree = "<group>"; };
		EC78E71A2190935800C19421 /* Networking.swift */ = {isa = PBXFileReference; lastKnownFileType = sourcecode.swift; path = Networking.swift; sourceTree = "<group>"; };
		EC78E71D2190998A00C19421 /* PostManagerNetworking.swift */ = {isa = PBXFileReference; lastKnownFileType = sourcecode.swift; path = PostManagerNetworking.swift; sourceTree = "<group>"; };
		EC78E71F2190999A00C19421 /* Data.swift */ = {isa = PBXFileReference; lastKnownFileType = sourcecode.swift; path = Data.swift; sourceTree = "<group>"; };
		EC78E721219099FB00C19421 /* DateDecodingStrategy.swift */ = {isa = PBXFileReference; lastKnownFileType = sourcecode.swift; path = DateDecodingStrategy.swift; sourceTree = "<group>"; };
		EC78E7242190A86700C19421 /* SearchContentResponseModel.swift */ = {isa = PBXFileReference; lastKnownFileType = sourcecode.swift; path = SearchContentResponseModel.swift; sourceTree = "<group>"; };
		EC78E72A2190AED000C19421 /* Observable.swift */ = {isa = PBXFileReference; lastKnownFileType = sourcecode.swift; path = Observable.swift; sourceTree = "<group>"; };
		ECBAC41B21ACA26B00215738 /* LoadingView.swift */ = {isa = PBXFileReference; lastKnownFileType = sourcecode.swift; path = LoadingView.swift; sourceTree = "<group>"; };
		ECC0FDBB21B49E7C00BA44D3 /* SwiftyConnect.framework */ = {isa = PBXFileReference; lastKnownFileType = wrapper.framework; name = SwiftyConnect.framework; path = Carthage/Build/iOS/SwiftyConnect.framework; sourceTree = "<group>"; };
		ECC3BEF221793BF900B6E87B /* DTrip.app */ = {isa = PBXFileReference; explicitFileType = wrapper.application; includeInIndex = 0; path = DTrip.app; sourceTree = BUILT_PRODUCTS_DIR; };
		ECC3BEF521793BF900B6E87B /* AppDelegate.swift */ = {isa = PBXFileReference; lastKnownFileType = sourcecode.swift; path = AppDelegate.swift; sourceTree = "<group>"; };
		ECC3BEFF21793BFA00B6E87B /* Base */ = {isa = PBXFileReference; lastKnownFileType = file.storyboard; name = Base; path = Base.lproj/LaunchScreen.storyboard; sourceTree = "<group>"; };
		ECC3BF0121793BFA00B6E87B /* Info.plist */ = {isa = PBXFileReference; lastKnownFileType = text.plist.xml; path = Info.plist; sourceTree = "<group>"; };
		ECC3BF0621793BFA00B6E87B /* DTripTests.xctest */ = {isa = PBXFileReference; explicitFileType = wrapper.cfbundle; includeInIndex = 0; path = DTripTests.xctest; sourceTree = BUILT_PRODUCTS_DIR; };
		ECC3BF0A21793BFA00B6E87B /* DTripTests.swift */ = {isa = PBXFileReference; lastKnownFileType = sourcecode.swift; path = DTripTests.swift; sourceTree = "<group>"; };
		ECC3BF0C21793BFA00B6E87B /* Info.plist */ = {isa = PBXFileReference; lastKnownFileType = text.plist.xml; path = Info.plist; sourceTree = "<group>"; };
		ECC3BF1521793F0700B6E87B /* AppCoordinator.swift */ = {isa = PBXFileReference; fileEncoding = 4; lastKnownFileType = sourcecode.swift; path = AppCoordinator.swift; sourceTree = "<group>"; };
		ECC3BF1721793F0D00B6E87B /* AppContainer.swift */ = {isa = PBXFileReference; fileEncoding = 4; lastKnownFileType = sourcecode.swift; path = AppContainer.swift; sourceTree = "<group>"; };
		ECC3BF2021793FD300B6E87B /* UIColor.swift */ = {isa = PBXFileReference; fileEncoding = 4; lastKnownFileType = sourcecode.swift; path = UIColor.swift; sourceTree = "<group>"; };
		ECC3BF2121793FD400B6E87B /* Assets.xcassets */ = {isa = PBXFileReference; lastKnownFileType = folder.assetcatalog; path = Assets.xcassets; sourceTree = "<group>"; };
		ECC3BF2421793FF400B6E87B /* MainViewController.swift */ = {isa = PBXFileReference; fileEncoding = 4; lastKnownFileType = sourcecode.swift; path = MainViewController.swift; sourceTree = "<group>"; };
		ECC3BF2521793FF400B6E87B /* MainCoordinator.swift */ = {isa = PBXFileReference; fileEncoding = 4; lastKnownFileType = sourcecode.swift; path = MainCoordinator.swift; sourceTree = "<group>"; };
		ECC3BF2621793FF500B6E87B /* MainAssembly.swift */ = {isa = PBXFileReference; fileEncoding = 4; lastKnownFileType = sourcecode.swift; path = MainAssembly.swift; sourceTree = "<group>"; };
		ECC3BF2721793FF500B6E87B /* MainViewModel.swift */ = {isa = PBXFileReference; fileEncoding = 4; lastKnownFileType = sourcecode.swift; path = MainViewModel.swift; sourceTree = "<group>"; };
		ECC3BF302179400200B6E87B /* Log.swift */ = {isa = PBXFileReference; fileEncoding = 4; lastKnownFileType = sourcecode.swift; path = Log.swift; sourceTree = "<group>"; };
		ECC3BF312179400200B6E87B /* LogManager.swift */ = {isa = PBXFileReference; fileEncoding = 4; lastKnownFileType = sourcecode.swift; path = LogManager.swift; sourceTree = "<group>"; };
		ECC3BF342179400200B6E87B /* ServicesAssembly.swift */ = {isa = PBXFileReference; fileEncoding = 4; lastKnownFileType = sourcecode.swift; path = ServicesAssembly.swift; sourceTree = "<group>"; };
		ECC3BF362179400300B6E87B /* RouterImp.swift */ = {isa = PBXFileReference; fileEncoding = 4; lastKnownFileType = sourcecode.swift; path = RouterImp.swift; sourceTree = "<group>"; };
		ECC3BF372179400300B6E87B /* Presentable.swift */ = {isa = PBXFileReference; fileEncoding = 4; lastKnownFileType = sourcecode.swift; path = Presentable.swift; sourceTree = "<group>"; };
		ECC3BF382179400300B6E87B /* Router.swift */ = {isa = PBXFileReference; fileEncoding = 4; lastKnownFileType = sourcecode.swift; path = Router.swift; sourceTree = "<group>"; };
		ECC3BF392179400300B6E87B /* Coordinator.swift */ = {isa = PBXFileReference; fileEncoding = 4; lastKnownFileType = sourcecode.swift; path = Coordinator.swift; sourceTree = "<group>"; };
		ECC3BF49217940D500B6E87B /* UIViewController+Presentable.swift */ = {isa = PBXFileReference; lastKnownFileType = sourcecode.swift; path = "UIViewController+Presentable.swift"; sourceTree = "<group>"; };
		ECC3BF52217BBC4F00B6E87B /* Config.swift */ = {isa = PBXFileReference; lastKnownFileType = sourcecode.swift; path = Config.swift; sourceTree = "<group>"; };
		ECC3BF56217BBD3100B6E87B /* FeedViewController.swift */ = {isa = PBXFileReference; lastKnownFileType = sourcecode.swift; path = FeedViewController.swift; sourceTree = "<group>"; };
		ECC3BF58217BBD4700B6E87B /* FeedCoordinator.swift */ = {isa = PBXFileReference; lastKnownFileType = sourcecode.swift; path = FeedCoordinator.swift; sourceTree = "<group>"; };
		ECC3BF5A217BBD5400B6E87B /* FeedViewModel.swift */ = {isa = PBXFileReference; lastKnownFileType = sourcecode.swift; path = FeedViewModel.swift; sourceTree = "<group>"; };
		ECC3BF5C217BBD6500B6E87B /* FeedAssembly.swift */ = {isa = PBXFileReference; lastKnownFileType = sourcecode.swift; path = FeedAssembly.swift; sourceTree = "<group>"; };
		ECC3BF5E217BC00400B6E87B /* MapViewController.swift */ = {isa = PBXFileReference; lastKnownFileType = sourcecode.swift; path = MapViewController.swift; sourceTree = "<group>"; };
		ECC3BF60217BC01300B6E87B /* MapCoordinator.swift */ = {isa = PBXFileReference; lastKnownFileType = sourcecode.swift; path = MapCoordinator.swift; sourceTree = "<group>"; };
		ECC3BF62217BC01D00B6E87B /* MapViewModel.swift */ = {isa = PBXFileReference; lastKnownFileType = sourcecode.swift; path = MapViewModel.swift; sourceTree = "<group>"; };
		ECC3BF64217BC02A00B6E87B /* MapAssembly.swift */ = {isa = PBXFileReference; lastKnownFileType = sourcecode.swift; path = MapAssembly.swift; sourceTree = "<group>"; };
		ECF93B97217BEA2800641225 /* PostsManager.swift */ = {isa = PBXFileReference; lastKnownFileType = sourcecode.swift; path = PostsManager.swift; sourceTree = "<group>"; };
/* End PBXFileReference section */

/* Begin PBXFrameworksBuildPhase section */
		ECC3BEEF21793BF900B6E87B /* Frameworks */ = {
			isa = PBXFrameworksBuildPhase;
			buildActionMask = 2147483647;
			files = (
				ECC0FDBC21B49E7C00BA44D3 /* SwiftyConnect.framework in Frameworks */,
				0AA7E269A7D5FB71E5348C78 /* Pods_DTrip.framework in Frameworks */,
			);
			runOnlyForDeploymentPostprocessing = 0;
		};
		ECC3BF0321793BFA00B6E87B /* Frameworks */ = {
			isa = PBXFrameworksBuildPhase;
			buildActionMask = 2147483647;
			files = (
				37D027813C0E769882329662 /* Pods_DTripTests.framework in Frameworks */,
			);
			runOnlyForDeploymentPostprocessing = 0;
		};
/* End PBXFrameworksBuildPhase section */

/* Begin PBXGroup section */
		16B27EB48CEC9B8F8512C04C /* Frameworks */ = {
			isa = PBXGroup;
			children = (
				ECC0FDBB21B49E7C00BA44D3 /* SwiftyConnect.framework */,
				3160CC333263ABC79C3019DF /* Pods_DTrip.framework */,
				640008754F1848004EDCDA24 /* Pods_DTripTests.framework */,
			);
			name = Frameworks;
			sourceTree = "<group>";
		};
		402EB06CA27B86DFC6A9059F /* Cells */ = {
			isa = PBXGroup;
			children = (
				402EB1258331CBAF48EEBADA /* PostTableViewCell.swift */,
			);
			path = Cells;
			sourceTree = "<group>";
		};
		402EB2E626D23A88D1D18E7E /* Post */ = {
			isa = PBXGroup;
			children = (
				402EBC418A0B1BC4EFD3EE75 /* PostAssembly.swift */,
				402EBC40718D4213F61D4F61 /* PostCoordinator.swift */,
				402EB84A62BBD794DF13A279 /* PostViewModel.swift */,
				402EB67541300FE0C51095B4 /* PostViewController.swift */,
				EC3CB7E321B09A0800A2FB30 /* PostViewWebViewFactory.swift */,
			);
			path = Post;
			sourceTree = "<group>";
		};
		402EB34311935171318D46AF /* UI */ = {
			isa = PBXGroup;
			children = (
				402EB06CA27B86DFC6A9059F /* Cells */,
				402EB922546C4D42B4D4D7AC /* Views */,
				402EBBD488E3DB5081618DDD /* Spaces.swift */,
			);
			path = UI;
			sourceTree = "<group>";
		};
		402EB922546C4D42B4D4D7AC /* Views */ = {
			isa = PBXGroup;
			children = (
				402EB6BB06DF361CDFAC2B9E /* PostView.swift */,
				ECBAC41B21ACA26B00215738 /* LoadingView.swift */,
				EC3CB7E121ADEB5400A2FB30 /* ImageLoadingIndicator.swift */,
				402EB9CBD2225D75A88AE7FE /* GradientView.swift */,
			);
			path = Views;
			sourceTree = "<group>";
		};
		402EBE62CF065492853CE587 /* Posts */ = {
			isa = PBXGroup;
			children = (
				402EBF5E4CD7AF974FB0CD6A /* PostsAssembly.swift */,
				402EBBA03A4535984C140B9A /* PostsCoordinator.swift */,
				402EBCE58329BCEE428B4CC1 /* PostsViewModel.swift */,
				402EBEA07B3BD74D5316F68F /* PostsViewController.swift */,
			);
			path = Posts;
			sourceTree = "<group>";
		};
		57D3279ADE9B391D3261AFAE /* Pods */ = {
			isa = PBXGroup;
			children = (
				72FC80167E76CC747D51DC26 /* Pods-DTrip.debug.xcconfig */,
				A4497E4F816E7CC5F8E66E66 /* Pods-DTrip.release.xcconfig */,
				4765C32C729013BC10852D4C /* Pods-DTripTests.debug.xcconfig */,
				C3C6BD1CD8F8345241D0FC43 /* Pods-DTripTests.release.xcconfig */,
			);
			name = Pods;
			sourceTree = "<group>";
		};
		EC16E992219171CA0099C4FE /* Models */ = {
			isa = PBXGroup;
			children = (
				EC16E990219171C40099C4FE /* MapPointModel.swift */,
			);
			path = Models;
			sourceTree = "<group>";
		};
		EC16E9952192411A0099C4FE /* Views */ = {
			isa = PBXGroup;
			children = (
				EC16E993219240360099C4FE /* MapMarkerView.swift */,
				EC16E996219242240099C4FE /* MapClusterMarkerView.swift */,
			);
			path = Views;
			sourceTree = "<group>";
		};
		EC78E71C2190996200C19421 /* PostManager */ = {
			isa = PBXGroup;
			children = (
				ECF93B97217BEA2800641225 /* PostsManager.swift */,
				EC78E71D2190998A00C19421 /* PostManagerNetworking.swift */,
				EC16E9C9219639420099C4FE /* PostManagerParser.swift */,
				EC78E72321909B4400C19421 /* Models */,
			);
			path = PostManager;
			sourceTree = "<group>";
		};
		EC78E72321909B4400C19421 /* Models */ = {
			isa = PBXGroup;
			children = (
				EC78E7242190A86700C19421 /* SearchContentResponseModel.swift */,
				EC16E9E121974BCA0099C4FE /* SearchContenItemModel.swift */,
				EC16E9D92196490C0099C4FE /* LocationModel.swift */,
				EC16E9D7219648F20099C4FE /* ContentMetaModel.swift */,
				EC16E9D5219648370099C4FE /* Reputation.swift */,
				EC16E98E219171270099C4FE /* LocatioGeometryType.swift */,
				EC16E9D3219648170099C4FE /* ContentType.swift */,
				EC16E9CC2196471F0099C4FE /* NodeContentResponseModel.swift */,
				EC16E9CF219647B00099C4FE /* NodeContentModel.swift */,
				EC16E9EB219867120099C4FE /* NodeAccountResponseModel.swift */,
				EC16E9ED219867360099C4FE /* NodeAccountModel.swift */,
				EC16E9D1219647ED0099C4FE /* ActiveVoteModel.swift */,
				EC16E9DD21964A650099C4FE /* PostModel.swift */,
				EC16E9E321974DDF0099C4FE /* PostIdentifier.swift */,
				EC16E9E9219864780099C4FE /* AccountMetaModel.swift */,
				EC16E9EF219867F80099C4FE /* AccountModel.swift */,
				EC13ACFA21A4B076001F0484 /* BodyPostModel.swift */,
			);
			path = Models;
			sourceTree = "<group>";
		};
		ECC3BEE921793BF900B6E87B = {
			isa = PBXGroup;
			children = (
				ECC3BEF421793BF900B6E87B /* DTrip */,
				ECC3BF0921793BFA00B6E87B /* DTripTests */,
				ECC3BEF321793BF900B6E87B /* Products */,
				57D3279ADE9B391D3261AFAE /* Pods */,
				16B27EB48CEC9B8F8512C04C /* Frameworks */,
			);
			sourceTree = "<group>";
		};
		ECC3BEF321793BF900B6E87B /* Products */ = {
			isa = PBXGroup;
			children = (
				ECC3BEF221793BF900B6E87B /* DTrip.app */,
				ECC3BF0621793BFA00B6E87B /* DTripTests.xctest */,
			);
			name = Products;
			sourceTree = "<group>";
		};
		ECC3BEF421793BF900B6E87B /* DTrip */ = {
			isa = PBXGroup;
			children = (
				ECC3BEF521793BF900B6E87B /* AppDelegate.swift */,
				ECC3BF1521793F0700B6E87B /* AppCoordinator.swift */,
				ECC3BF1721793F0D00B6E87B /* AppContainer.swift */,
				EC16E9C0219383590099C4FE /* AppParameters.swift */,
				ECC3BF1C21793F7A00B6E87B /* Services */,
				ECC3BF1921793F6100B6E87B /* Flows */,
				402EB34311935171318D46AF /* UI */,
				ECC3BF48217940A800B6E87B /* Protocols */,
				ECC3BF1E21793F8E00B6E87B /* Configs */,
				ECC3BF1F21793FBC00B6E87B /* Resources */,
				ECC3BF1D21793F8800B6E87B /* Extensions */,
			);
			path = DTrip;
			sourceTree = "<group>";
		};
		ECC3BF0921793BFA00B6E87B /* DTripTests */ = {
			isa = PBXGroup;
			children = (
				ECC3BF0A21793BFA00B6E87B /* DTripTests.swift */,
				ECC3BF0C21793BFA00B6E87B /* Info.plist */,
			);
			path = DTripTests;
			sourceTree = "<group>";
		};
		ECC3BF1921793F6100B6E87B /* Flows */ = {
			isa = PBXGroup;
			children = (
				ECC3BF1B21793F7400B6E87B /* Main */,
				ECC3BF55217BBD2100B6E87B /* Feed */,
				ECC3BF54217BBD1C00B6E87B /* Map */,
				402EBE62CF065492853CE587 /* Posts */,
				402EB2E626D23A88D1D18E7E /* Post */,
			);
			path = Flows;
			sourceTree = "<group>";
		};
		ECC3BF1A21793F7000B6E87B /* LaunchScreen */ = {
			isa = PBXGroup;
			children = (
				ECC3BEFE21793BFA00B6E87B /* LaunchScreen.storyboard */,
			);
			path = LaunchScreen;
			sourceTree = "<group>";
		};
		ECC3BF1B21793F7400B6E87B /* Main */ = {
			isa = PBXGroup;
			children = (
				ECC3BF2621793FF500B6E87B /* MainAssembly.swift */,
				ECC3BF2521793FF400B6E87B /* MainCoordinator.swift */,
				ECC3BF2721793FF500B6E87B /* MainViewModel.swift */,
				ECC3BF2421793FF400B6E87B /* MainViewController.swift */,
			);
			path = Main;
			sourceTree = "<group>";
		};
		ECC3BF1C21793F7A00B6E87B /* Services */ = {
			isa = PBXGroup;
			children = (
				ECC3BF342179400200B6E87B /* ServicesAssembly.swift */,
				ECC3BF2F2179400200B6E87B /* Logs */,
				EC78E71C2190996200C19421 /* PostManager */,
				ECC3BF352179400300B6E87B /* Router */,
				ECF93B96217BE9E100641225 /* API */,
			);
			path = Services;
			sourceTree = "<group>";
		};
		ECC3BF1D21793F8800B6E87B /* Extensions */ = {
			isa = PBXGroup;
			children = (
				EC13ACF2219E0ACA001F0484 /* String.swift */,
				ECC3BF49217940D500B6E87B /* UIViewController+Presentable.swift */,
				ECC3BF2021793FD300B6E87B /* UIColor.swift */,
				EC78E71F2190999A00C19421 /* Data.swift */,
				EC78E721219099FB00C19421 /* DateDecodingStrategy.swift */,
				EC78E72A2190AED000C19421 /* Observable.swift */,
				EC16E9DF21973AA90099C4FE /* Date.swift */,
				402EB37ADD3CF024C578508E /* UIImage.swift */,
				EC13ACFF21AABB02001F0484 /* UIViewController+Reactive.swift */,
			);
			path = Extensions;
			sourceTree = "<group>";
		};
		ECC3BF1E21793F8E00B6E87B /* Configs */ = {
			isa = PBXGroup;
			children = (
				ECC3BF0121793BFA00B6E87B /* Info.plist */,
				ECC3BF52217BBC4F00B6E87B /* Config.swift */,
			);
			path = Configs;
			sourceTree = "<group>";
		};
		ECC3BF1F21793FBC00B6E87B /* Resources */ = {
			isa = PBXGroup;
			children = (
				EC13ACF821A35CAB001F0484 /* bundle.js */,
				EC3CB7E521B3F7B200A2FB30 /* style.css */,
				ECC3BF1A21793F7000B6E87B /* LaunchScreen */,
				ECC3BF2121793FD400B6E87B /* Assets.xcassets */,
			);
			path = Resources;
			sourceTree = "<group>";
		};
		ECC3BF2F2179400200B6E87B /* Logs */ = {
			isa = PBXGroup;
			children = (
				ECC3BF302179400200B6E87B /* Log.swift */,
				ECC3BF312179400200B6E87B /* LogManager.swift */,
			);
			path = Logs;
			sourceTree = "<group>";
		};
		ECC3BF352179400300B6E87B /* Router */ = {
			isa = PBXGroup;
			children = (
				ECC3BF362179400300B6E87B /* RouterImp.swift */,
			);
			path = Router;
			sourceTree = "<group>";
		};
		ECC3BF48217940A800B6E87B /* Protocols */ = {
			isa = PBXGroup;
			children = (
				ECC3BF392179400300B6E87B /* Coordinator.swift */,
				ECC3BF382179400300B6E87B /* Router.swift */,
				ECC3BF372179400300B6E87B /* Presentable.swift */,
				EC13ACFD21AA1716001F0484 /* ViewModel.swift */,
			);
			path = Protocols;
			sourceTree = "<group>";
		};
		ECC3BF54217BBD1C00B6E87B /* Map */ = {
			isa = PBXGroup;
			children = (
				ECC3BF64217BC02A00B6E87B /* MapAssembly.swift */,
				ECC3BF60217BC01300B6E87B /* MapCoordinator.swift */,
				ECC3BF62217BC01D00B6E87B /* MapViewModel.swift */,
				ECC3BF5E217BC00400B6E87B /* MapViewController.swift */,
				EC16E992219171CA0099C4FE /* Models */,
				EC16E9952192411A0099C4FE /* Views */,
			);
			path = Map;
			sourceTree = "<group>";
		};
		ECC3BF55217BBD2100B6E87B /* Feed */ = {
			isa = PBXGroup;
			children = (
				ECC3BF5C217BBD6500B6E87B /* FeedAssembly.swift */,
				ECC3BF58217BBD4700B6E87B /* FeedCoordinator.swift */,
				ECC3BF5A217BBD5400B6E87B /* FeedViewModel.swift */,
				ECC3BF56217BBD3100B6E87B /* FeedViewController.swift */,
			);
			path = Feed;
			sourceTree = "<group>";
		};
		ECF93B96217BE9E100641225 /* API */ = {
			isa = PBXGroup;
			children = (
				EC78E71A2190935800C19421 /* Networking.swift */,
			);
			path = API;
			sourceTree = "<group>";
		};
/* End PBXGroup section */

/* Begin PBXNativeTarget section */
		ECC3BEF121793BF900B6E87B /* DTrip */ = {
			isa = PBXNativeTarget;
			buildConfigurationList = ECC3BF0F21793BFA00B6E87B /* Build configuration list for PBXNativeTarget "DTrip" */;
			buildPhases = (
				66AFB8CDC7A5B04C407882F4 /* [CP] Check Pods Manifest.lock */,
				EC16E9BF2193801B0099C4FE /* ShellScript */,
				ECC3BEEE21793BF900B6E87B /* Sources */,
				ECC3BEEF21793BF900B6E87B /* Frameworks */,
				ECC3BEF021793BF900B6E87B /* Resources */,
				ACA2F2B9FBA397127DAAAC5D /* [CP] Embed Pods Frameworks */,
				EC16E9B721937FC40099C4FE /* Embed Frameworks */,
			);
			buildRules = (
			);
			dependencies = (
			);
			name = DTrip;
			productName = DTrip;
			productReference = ECC3BEF221793BF900B6E87B /* DTrip.app */;
			productType = "com.apple.product-type.application";
		};
		ECC3BF0521793BFA00B6E87B /* DTripTests */ = {
			isa = PBXNativeTarget;
			buildConfigurationList = ECC3BF1221793BFA00B6E87B /* Build configuration list for PBXNativeTarget "DTripTests" */;
			buildPhases = (
				48E8FEB8A086FDD2232C18B5 /* [CP] Check Pods Manifest.lock */,
				ECC3BF0221793BFA00B6E87B /* Sources */,
				ECC3BF0321793BFA00B6E87B /* Frameworks */,
				ECC3BF0421793BFA00B6E87B /* Resources */,
			);
			buildRules = (
			);
			dependencies = (
				ECC3BF0821793BFA00B6E87B /* PBXTargetDependency */,
			);
			name = DTripTests;
			productName = DTripTests;
			productReference = ECC3BF0621793BFA00B6E87B /* DTripTests.xctest */;
			productType = "com.apple.product-type.bundle.unit-test";
		};
/* End PBXNativeTarget section */

/* Begin PBXProject section */
		ECC3BEEA21793BF900B6E87B /* Project object */ = {
			isa = PBXProject;
			attributes = {
				LastSwiftUpdateCheck = 1010;
				LastUpgradeCheck = 1000;
				ORGANIZATIONNAME = "Semavin Artem";
				TargetAttributes = {
					ECC3BEF121793BF900B6E87B = {
						CreatedOnToolsVersion = 10.0;
					};
					ECC3BF0521793BFA00B6E87B = {
						CreatedOnToolsVersion = 10.0;
						TestTargetID = ECC3BEF121793BF900B6E87B;
					};
				};
			};
			buildConfigurationList = ECC3BEED21793BF900B6E87B /* Build configuration list for PBXProject "DTrip" */;
			compatibilityVersion = "Xcode 9.3";
			developmentRegion = en;
			hasScannedForEncodings = 0;
			knownRegions = (
				en,
				Base,
			);
			mainGroup = ECC3BEE921793BF900B6E87B;
			productRefGroup = ECC3BEF321793BF900B6E87B /* Products */;
			projectDirPath = "";
			projectRoot = "";
			targets = (
				ECC3BEF121793BF900B6E87B /* DTrip */,
				ECC3BF0521793BFA00B6E87B /* DTripTests */,
			);
		};
/* End PBXProject section */

/* Begin PBXResourcesBuildPhase section */
		ECC3BEF021793BF900B6E87B /* Resources */ = {
			isa = PBXResourcesBuildPhase;
			buildActionMask = 2147483647;
			files = (
				ECC3BF2321793FD500B6E87B /* Assets.xcassets in Resources */,
				EC3CB7E621B3F7B200A2FB30 /* style.css in Resources */,
				ECC3BF0021793BFA00B6E87B /* LaunchScreen.storyboard in Resources */,
				EC13ACF921A35CAB001F0484 /* bundle.js in Resources */,
			);
			runOnlyForDeploymentPostprocessing = 0;
		};
		ECC3BF0421793BFA00B6E87B /* Resources */ = {
			isa = PBXResourcesBuildPhase;
			buildActionMask = 2147483647;
			files = (
			);
			runOnlyForDeploymentPostprocessing = 0;
		};
/* End PBXResourcesBuildPhase section */

/* Begin PBXShellScriptBuildPhase section */
		48E8FEB8A086FDD2232C18B5 /* [CP] Check Pods Manifest.lock */ = {
			isa = PBXShellScriptBuildPhase;
			buildActionMask = 2147483647;
			files = (
			);
			inputFileListPaths = (
			);
			inputPaths = (
				"${PODS_PODFILE_DIR_PATH}/Podfile.lock",
				"${PODS_ROOT}/Manifest.lock",
			);
			name = "[CP] Check Pods Manifest.lock";
			outputFileListPaths = (
			);
			outputPaths = (
				"$(DERIVED_FILE_DIR)/Pods-DTripTests-checkManifestLockResult.txt",
			);
			runOnlyForDeploymentPostprocessing = 0;
			shellPath = /bin/sh;
			shellScript = "diff \"${PODS_PODFILE_DIR_PATH}/Podfile.lock\" \"${PODS_ROOT}/Manifest.lock\" > /dev/null\nif [ $? != 0 ] ; then\n    # print error to STDERR\n    echo \"error: The sandbox is not in sync with the Podfile.lock. Run 'pod install' or update your CocoaPods installation.\" >&2\n    exit 1\nfi\n# This output is used by Xcode 'outputs' to avoid re-running this script phase.\necho \"SUCCESS\" > \"${SCRIPT_OUTPUT_FILE_0}\"\n";
			showEnvVarsInLog = 0;
		};
		66AFB8CDC7A5B04C407882F4 /* [CP] Check Pods Manifest.lock */ = {
			isa = PBXShellScriptBuildPhase;
			buildActionMask = 2147483647;
			files = (
			);
			inputFileListPaths = (
			);
			inputPaths = (
				"${PODS_PODFILE_DIR_PATH}/Podfile.lock",
				"${PODS_ROOT}/Manifest.lock",
			);
			name = "[CP] Check Pods Manifest.lock";
			outputFileListPaths = (
			);
			outputPaths = (
				"$(DERIVED_FILE_DIR)/Pods-DTrip-checkManifestLockResult.txt",
			);
			runOnlyForDeploymentPostprocessing = 0;
			shellPath = /bin/sh;
			shellScript = "diff \"${PODS_PODFILE_DIR_PATH}/Podfile.lock\" \"${PODS_ROOT}/Manifest.lock\" > /dev/null\nif [ $? != 0 ] ; then\n    # print error to STDERR\n    echo \"error: The sandbox is not in sync with the Podfile.lock. Run 'pod install' or update your CocoaPods installation.\" >&2\n    exit 1\nfi\n# This output is used by Xcode 'outputs' to avoid re-running this script phase.\necho \"SUCCESS\" > \"${SCRIPT_OUTPUT_FILE_0}\"\n";
			showEnvVarsInLog = 0;
		};
		ACA2F2B9FBA397127DAAAC5D /* [CP] Embed Pods Frameworks */ = {
			isa = PBXShellScriptBuildPhase;
			buildActionMask = 2147483647;
			files = (
			);
			inputFileListPaths = (
			);
			inputPaths = (
				"${SRCROOT}/Pods/Target Support Files/Pods-DTrip/Pods-DTrip-frameworks.sh",
				"${BUILT_PRODUCTS_DIR}/Alamofire/Alamofire.framework",
				"${BUILT_PRODUCTS_DIR}/CocoaLumberjack/CocoaLumberjack.framework",
				"${BUILT_PRODUCTS_DIR}/DifferenceKit/DifferenceKit.framework",
				"${BUILT_PRODUCTS_DIR}/Dip/Dip.framework",
				"${BUILT_PRODUCTS_DIR}/Kingfisher/Kingfisher.framework",
				"${BUILT_PRODUCTS_DIR}/RxCocoa/RxCocoa.framework",
				"${BUILT_PRODUCTS_DIR}/RxSwift/RxSwift.framework",
				"${BUILT_PRODUCTS_DIR}/SwiftHEXColors/SwiftHEXColors.framework",
			);
			name = "[CP] Embed Pods Frameworks";
			outputFileListPaths = (
			);
			outputPaths = (
				"${TARGET_BUILD_DIR}/${FRAMEWORKS_FOLDER_PATH}/Alamofire.framework",
				"${TARGET_BUILD_DIR}/${FRAMEWORKS_FOLDER_PATH}/CocoaLumberjack.framework",
				"${TARGET_BUILD_DIR}/${FRAMEWORKS_FOLDER_PATH}/DifferenceKit.framework",
				"${TARGET_BUILD_DIR}/${FRAMEWORKS_FOLDER_PATH}/Dip.framework",
				"${TARGET_BUILD_DIR}/${FRAMEWORKS_FOLDER_PATH}/Kingfisher.framework",
				"${TARGET_BUILD_DIR}/${FRAMEWORKS_FOLDER_PATH}/RxCocoa.framework",
				"${TARGET_BUILD_DIR}/${FRAMEWORKS_FOLDER_PATH}/RxSwift.framework",
				"${TARGET_BUILD_DIR}/${FRAMEWORKS_FOLDER_PATH}/SwiftHEXColors.framework",
			);
			runOnlyForDeploymentPostprocessing = 0;
			shellPath = /bin/sh;
			shellScript = "\"${SRCROOT}/Pods/Target Support Files/Pods-DTrip/Pods-DTrip-frameworks.sh\"\n";
			showEnvVarsInLog = 0;
		};
		EC16E9BF2193801B0099C4FE /* ShellScript */ = {
			isa = PBXShellScriptBuildPhase;
			buildActionMask = 2147483647;
			files = (
			);
			inputFileListPaths = (
			);
			inputPaths = (
				"$(SRCROOT)/Carthage/Build/iOS/SwiftyConnect.framework",
			);
			outputFileListPaths = (
			);
			outputPaths = (
			);
			runOnlyForDeploymentPostprocessing = 0;
			shellPath = /bin/sh;
			shellScript = "/usr/local/bin/carthage copy-frameworks\n";
		};
/* End PBXShellScriptBuildPhase section */

/* Begin PBXSourcesBuildPhase section */
		ECC3BEEE21793BF900B6E87B /* Sources */ = {
			isa = PBXSourcesBuildPhase;
			buildActionMask = 2147483647;
			files = (
				ECC3BF1621793F0700B6E87B /* AppCoordinator.swift in Sources */,
				ECC3BF3F2179400300B6E87B /* LogManager.swift in Sources */,
				EC16E9EA219864780099C4FE /* AccountMetaModel.swift in Sources */,
				ECC3BF3E2179400300B6E87B /* Log.swift in Sources */,
				EC78E71B2190935800C19421 /* Networking.swift in Sources */,
				EC16E9D0219647B00099C4FE /* NodeContentModel.swift in Sources */,
				ECC3BF422179400300B6E87B /* ServicesAssembly.swift in Sources */,
				ECC3BF59217BBD4700B6E87B /* FeedCoordinator.swift in Sources */,
				EC16E9C1219383590099C4FE /* AppParameters.swift in Sources */,
				ECC3BF53217BBC4F00B6E87B /* Config.swift in Sources */,
				EC16E991219171C40099C4FE /* MapPointModel.swift in Sources */,
				EC13ACF3219E0ACA001F0484 /* String.swift in Sources */,
				EC3CB7E221ADEB5400A2FB30 /* ImageLoadingIndicator.swift in Sources */,
				EC16E9D6219648370099C4FE /* Reputation.swift in Sources */,
				EC78E722219099FB00C19421 /* DateDecodingStrategy.swift in Sources */,
				EC78E71E2190998A00C19421 /* PostManagerNetworking.swift in Sources */,
				EC16E98F219171270099C4FE /* LocatioGeometryType.swift in Sources */,
				ECC3BF452179400300B6E87B /* Router.swift in Sources */,
				ECC3BF2921793FF500B6E87B /* MainCoordinator.swift in Sources */,
				EC78E72B2190AED000C19421 /* Observable.swift in Sources */,
				EC16E9EE219867360099C4FE /* NodeAccountModel.swift in Sources */,
				ECC3BF2A21793FF500B6E87B /* MainAssembly.swift in Sources */,
				EC16E9E021973AA90099C4FE /* Date.swift in Sources */,
				ECC3BF5D217BBD6500B6E87B /* FeedAssembly.swift in Sources */,
				ECC3BF2221793FD500B6E87B /* UIColor.swift in Sources */,
				EC16E9CA219639420099C4FE /* PostManagerParser.swift in Sources */,
				EC16E9D2219647ED0099C4FE /* ActiveVoteModel.swift in Sources */,
				ECF93B98217BEA2800641225 /* PostsManager.swift in Sources */,
				EC16E994219240360099C4FE /* MapMarkerView.swift in Sources */,
				ECC3BF5F217BC00400B6E87B /* MapViewController.swift in Sources */,
				EC16E9E221974BCA0099C4FE /* SearchContenItemModel.swift in Sources */,
				ECC3BF5B217BBD5400B6E87B /* FeedViewModel.swift in Sources */,
				EC16E9DA2196490C0099C4FE /* LocationModel.swift in Sources */,
				EC16E9EC219867130099C4FE /* NodeAccountResponseModel.swift in Sources */,
				ECC3BF1821793F0D00B6E87B /* AppContainer.swift in Sources */,
				ECC3BF57217BBD3100B6E87B /* FeedViewController.swift in Sources */,
				EC78E7202190999A00C19421 /* Data.swift in Sources */,
				ECC3BF462179400300B6E87B /* Coordinator.swift in Sources */,
				EC16E9DE21964A650099C4FE /* PostModel.swift in Sources */,
				EC13AD0021AABB02001F0484 /* UIViewController+Reactive.swift in Sources */,
				EC16E9E421974DDF0099C4FE /* PostIdentifier.swift in Sources */,
				ECC3BEF621793BF900B6E87B /* AppDelegate.swift in Sources */,
				ECC3BF65217BC02A00B6E87B /* MapAssembly.swift in Sources */,
				ECC3BF432179400300B6E87B /* RouterImp.swift in Sources */,
				ECC3BF2821793FF500B6E87B /* MainViewController.swift in Sources */,
				EC13ACFE21AA1716001F0484 /* ViewModel.swift in Sources */,
				EC16E9CE219647200099C4FE /* NodeContentResponseModel.swift in Sources */,
				EC16E9D8219648F20099C4FE /* ContentMetaModel.swift in Sources */,
				EC16E9D4219648170099C4FE /* ContentType.swift in Sources */,
				EC78E7252190A86700C19421 /* SearchContentResponseModel.swift in Sources */,
				ECC3BF2B21793FF500B6E87B /* MainViewModel.swift in Sources */,
				ECC3BF4A217940D500B6E87B /* UIViewController+Presentable.swift in Sources */,
				EC16E997219242240099C4FE /* MapClusterMarkerView.swift in Sources */,
				ECBAC41C21ACA26B00215738 /* LoadingView.swift in Sources */,
				ECC3BF442179400300B6E87B /* Presentable.swift in Sources */,
				ECC3BF61217BC01300B6E87B /* MapCoordinator.swift in Sources */,
				EC16E9F0219867F80099C4FE /* AccountModel.swift in Sources */,
				EC3CB7E421B09A0800A2FB30 /* PostViewWebViewFactory.swift in Sources */,
				ECC3BF63217BC01D00B6E87B /* MapViewModel.swift in Sources */,
				402EB1F6318E6927219DE41C /* PostsAssembly.swift in Sources */,
				402EBA2620E63F5E719FC8F7 /* PostsCoordinator.swift in Sources */,
				402EB60E9C83C71CC37D668D /* PostsViewController.swift in Sources */,
				402EBF0E7227564E50E13F3D /* PostsViewModel.swift in Sources */,
				402EBA918B2067D20E27A49F /* PostView.swift in Sources */,
				402EB940D5B9C590F8FEB858 /* PostTableViewCell.swift in Sources */,
				402EB9AFF5D1E820CFAE2630 /* Spaces.swift in Sources */,
				402EBDB9411F180B51039C2D /* UIImage.swift in Sources */,
				402EB47A2AE5C23C9881A6A0 /* PostViewController.swift in Sources */,
				402EB51C3E541BE22459AFB9 /* PostCoordinator.swift in Sources */,
				402EB5CE78D41F0E0CE8BA78 /* PostAssembly.swift in Sources */,
				EC13ACFB21A4B076001F0484 /* BodyPostModel.swift in Sources */,
				402EB7357A3F197CA31F3F35 /* PostViewModel.swift in Sources */,
				402EB1EB8AEF0CC6E99DE06F /* GradientView.swift in Sources */,
			);
			runOnlyForDeploymentPostprocessing = 0;
		};
		ECC3BF0221793BFA00B6E87B /* Sources */ = {
			isa = PBXSourcesBuildPhase;
			buildActionMask = 2147483647;
			files = (
				ECC3BF0B21793BFA00B6E87B /* DTripTests.swift in Sources */,
			);
			runOnlyForDeploymentPostprocessing = 0;
		};
/* End PBXSourcesBuildPhase section */

/* Begin PBXTargetDependency section */
		ECC3BF0821793BFA00B6E87B /* PBXTargetDependency */ = {
			isa = PBXTargetDependency;
			target = ECC3BEF121793BF900B6E87B /* DTrip */;
			targetProxy = ECC3BF0721793BFA00B6E87B /* PBXContainerItemProxy */;
		};
/* End PBXTargetDependency section */

/* Begin PBXVariantGroup section */
		ECC3BEFE21793BFA00B6E87B /* LaunchScreen.storyboard */ = {
			isa = PBXVariantGroup;
			children = (
				ECC3BEFF21793BFA00B6E87B /* Base */,
			);
			name = LaunchScreen.storyboard;
			sourceTree = "<group>";
		};
/* End PBXVariantGroup section */

/* Begin XCBuildConfiguration section */
		ECC3BF0D21793BFA00B6E87B /* Debug */ = {
			isa = XCBuildConfiguration;
			buildSettings = {
				ALWAYS_SEARCH_USER_PATHS = NO;
				CLANG_ANALYZER_NONNULL = YES;
				CLANG_ANALYZER_NUMBER_OBJECT_CONVERSION = YES_AGGRESSIVE;
				CLANG_CXX_LANGUAGE_STANDARD = "gnu++14";
				CLANG_CXX_LIBRARY = "libc++";
				CLANG_ENABLE_MODULES = YES;
				CLANG_ENABLE_OBJC_ARC = YES;
				CLANG_ENABLE_OBJC_WEAK = YES;
				CLANG_WARN_BLOCK_CAPTURE_AUTORELEASING = YES;
				CLANG_WARN_BOOL_CONVERSION = YES;
				CLANG_WARN_COMMA = YES;
				CLANG_WARN_CONSTANT_CONVERSION = YES;
				CLANG_WARN_DEPRECATED_OBJC_IMPLEMENTATIONS = YES;
				CLANG_WARN_DIRECT_OBJC_ISA_USAGE = YES_ERROR;
				CLANG_WARN_DOCUMENTATION_COMMENTS = YES;
				CLANG_WARN_EMPTY_BODY = YES;
				CLANG_WARN_ENUM_CONVERSION = YES;
				CLANG_WARN_INFINITE_RECURSION = YES;
				CLANG_WARN_INT_CONVERSION = YES;
				CLANG_WARN_NON_LITERAL_NULL_CONVERSION = YES;
				CLANG_WARN_OBJC_IMPLICIT_RETAIN_SELF = YES;
				CLANG_WARN_OBJC_LITERAL_CONVERSION = YES;
				CLANG_WARN_OBJC_ROOT_CLASS = YES_ERROR;
				CLANG_WARN_RANGE_LOOP_ANALYSIS = YES;
				CLANG_WARN_STRICT_PROTOTYPES = YES;
				CLANG_WARN_SUSPICIOUS_MOVE = YES;
				CLANG_WARN_UNGUARDED_AVAILABILITY = YES_AGGRESSIVE;
				CLANG_WARN_UNREACHABLE_CODE = YES;
				CLANG_WARN__DUPLICATE_METHOD_MATCH = YES;
				CODE_SIGN_IDENTITY = "iPhone Developer";
				COPY_PHASE_STRIP = NO;
				DEBUG_INFORMATION_FORMAT = dwarf;
				ENABLE_STRICT_OBJC_MSGSEND = YES;
				ENABLE_TESTABILITY = YES;
				GCC_C_LANGUAGE_STANDARD = gnu11;
				GCC_DYNAMIC_NO_PIC = NO;
				GCC_NO_COMMON_BLOCKS = YES;
				GCC_OPTIMIZATION_LEVEL = 0;
				GCC_PREPROCESSOR_DEFINITIONS = (
					"DEBUG=1",
					"$(inherited)",
				);
				GCC_WARN_64_TO_32_BIT_CONVERSION = YES;
				GCC_WARN_ABOUT_RETURN_TYPE = YES_ERROR;
				GCC_WARN_UNDECLARED_SELECTOR = YES;
				GCC_WARN_UNINITIALIZED_AUTOS = YES_AGGRESSIVE;
				GCC_WARN_UNUSED_FUNCTION = YES;
				GCC_WARN_UNUSED_VARIABLE = YES;
				IPHONEOS_DEPLOYMENT_TARGET = 11.0;
				MTL_ENABLE_DEBUG_INFO = INCLUDE_SOURCE;
				MTL_FAST_MATH = YES;
				ONLY_ACTIVE_ARCH = YES;
				SDKROOT = iphoneos;
				SWIFT_ACTIVE_COMPILATION_CONDITIONS = DEBUG;
				SWIFT_OPTIMIZATION_LEVEL = "-Onone";
			};
			name = Debug;
		};
		ECC3BF0E21793BFA00B6E87B /* Release */ = {
			isa = XCBuildConfiguration;
			buildSettings = {
				ALWAYS_SEARCH_USER_PATHS = NO;
				CLANG_ANALYZER_NONNULL = YES;
				CLANG_ANALYZER_NUMBER_OBJECT_CONVERSION = YES_AGGRESSIVE;
				CLANG_CXX_LANGUAGE_STANDARD = "gnu++14";
				CLANG_CXX_LIBRARY = "libc++";
				CLANG_ENABLE_MODULES = YES;
				CLANG_ENABLE_OBJC_ARC = YES;
				CLANG_ENABLE_OBJC_WEAK = YES;
				CLANG_WARN_BLOCK_CAPTURE_AUTORELEASING = YES;
				CLANG_WARN_BOOL_CONVERSION = YES;
				CLANG_WARN_COMMA = YES;
				CLANG_WARN_CONSTANT_CONVERSION = YES;
				CLANG_WARN_DEPRECATED_OBJC_IMPLEMENTATIONS = YES;
				CLANG_WARN_DIRECT_OBJC_ISA_USAGE = YES_ERROR;
				CLANG_WARN_DOCUMENTATION_COMMENTS = YES;
				CLANG_WARN_EMPTY_BODY = YES;
				CLANG_WARN_ENUM_CONVERSION = YES;
				CLANG_WARN_INFINITE_RECURSION = YES;
				CLANG_WARN_INT_CONVERSION = YES;
				CLANG_WARN_NON_LITERAL_NULL_CONVERSION = YES;
				CLANG_WARN_OBJC_IMPLICIT_RETAIN_SELF = YES;
				CLANG_WARN_OBJC_LITERAL_CONVERSION = YES;
				CLANG_WARN_OBJC_ROOT_CLASS = YES_ERROR;
				CLANG_WARN_RANGE_LOOP_ANALYSIS = YES;
				CLANG_WARN_STRICT_PROTOTYPES = YES;
				CLANG_WARN_SUSPICIOUS_MOVE = YES;
				CLANG_WARN_UNGUARDED_AVAILABILITY = YES_AGGRESSIVE;
				CLANG_WARN_UNREACHABLE_CODE = YES;
				CLANG_WARN__DUPLICATE_METHOD_MATCH = YES;
				CODE_SIGN_IDENTITY = "iPhone Developer";
				COPY_PHASE_STRIP = NO;
				DEBUG_INFORMATION_FORMAT = "dwarf-with-dsym";
				ENABLE_NS_ASSERTIONS = NO;
				ENABLE_STRICT_OBJC_MSGSEND = YES;
				GCC_C_LANGUAGE_STANDARD = gnu11;
				GCC_NO_COMMON_BLOCKS = YES;
				GCC_WARN_64_TO_32_BIT_CONVERSION = YES;
				GCC_WARN_ABOUT_RETURN_TYPE = YES_ERROR;
				GCC_WARN_UNDECLARED_SELECTOR = YES;
				GCC_WARN_UNINITIALIZED_AUTOS = YES_AGGRESSIVE;
				GCC_WARN_UNUSED_FUNCTION = YES;
				GCC_WARN_UNUSED_VARIABLE = YES;
				IPHONEOS_DEPLOYMENT_TARGET = 11.0;
				MTL_ENABLE_DEBUG_INFO = NO;
				MTL_FAST_MATH = YES;
				SDKROOT = iphoneos;
				SWIFT_COMPILATION_MODE = wholemodule;
				SWIFT_OPTIMIZATION_LEVEL = "-O";
				VALIDATE_PRODUCT = YES;
			};
			name = Release;
		};
		ECC3BF1021793BFA00B6E87B /* Debug */ = {
			isa = XCBuildConfiguration;
			baseConfigurationReference = 72FC80167E76CC747D51DC26 /* Pods-DTrip.debug.xcconfig */;
			buildSettings = {
				ASSETCATALOG_COMPILER_APPICON_NAME = AppIcon;
				CODE_SIGN_STYLE = Automatic;
				DEVELOPMENT_TEAM = ARN263RGLR;
				FRAMEWORK_SEARCH_PATHS = (
					"$(inherited)",
					"$(PROJECT_DIR)/Carthage/Build/iOS",
				);
				INFOPLIST_FILE = "$(SRCROOT)/DTrip/Configs/Info.plist";
				IPHONEOS_DEPLOYMENT_TARGET = 11.2;
				LD_RUNPATH_SEARCH_PATHS = (
					"$(inherited)",
					"@executable_path/Frameworks",
				);
				PRODUCT_BUNDLE_IDENTIFIER = com.ooodin.dtrip;
				PRODUCT_NAME = "$(TARGET_NAME)";
				SWIFT_VERSION = 4.2;
				TARGETED_DEVICE_FAMILY = 1;
			};
			name = Debug;
		};
		ECC3BF1121793BFA00B6E87B /* Release */ = {
			isa = XCBuildConfiguration;
			baseConfigurationReference = A4497E4F816E7CC5F8E66E66 /* Pods-DTrip.release.xcconfig */;
			buildSettings = {
				ASSETCATALOG_COMPILER_APPICON_NAME = AppIcon;
				CODE_SIGN_STYLE = Automatic;
				DEVELOPMENT_TEAM = ARN263RGLR;
				FRAMEWORK_SEARCH_PATHS = (
					"$(inherited)",
					"$(PROJECT_DIR)/Carthage/Build/iOS",
				);
				INFOPLIST_FILE = "$(SRCROOT)/DTrip/Configs/Info.plist";
				IPHONEOS_DEPLOYMENT_TARGET = 11.2;
				LD_RUNPATH_SEARCH_PATHS = (
					"$(inherited)",
					"@executable_path/Frameworks",
				);
				PRODUCT_BUNDLE_IDENTIFIER = com.ooodin.dtrip;
				PRODUCT_NAME = "$(TARGET_NAME)";
				SWIFT_VERSION = 4.2;
				TARGETED_DEVICE_FAMILY = 1;
			};
			name = Release;
		};
		ECC3BF1321793BFA00B6E87B /* Debug */ = {
			isa = XCBuildConfiguration;
			baseConfigurationReference = 4765C32C729013BC10852D4C /* Pods-DTripTests.debug.xcconfig */;
			buildSettings = {
				ALWAYS_EMBED_SWIFT_STANDARD_LIBRARIES = YES;
				BUNDLE_LOADER = "$(TEST_HOST)";
				CODE_SIGN_STYLE = Automatic;
				DEVELOPMENT_TEAM = ARN263RGLR;
				INFOPLIST_FILE = DTripTests/Info.plist;
				LD_RUNPATH_SEARCH_PATHS = (
					"$(inherited)",
					"@executable_path/Frameworks",
					"@loader_path/Frameworks",
				);
				PRODUCT_BUNDLE_IDENTIFIER = ru.ooodin.DTripTests;
				PRODUCT_NAME = "$(TARGET_NAME)";
				SWIFT_VERSION = 4.2;
				TARGETED_DEVICE_FAMILY = "1,2";
				TEST_HOST = "$(BUILT_PRODUCTS_DIR)/DTrip.app/DTrip";
			};
			name = Debug;
		};
		ECC3BF1421793BFA00B6E87B /* Release */ = {
			isa = XCBuildConfiguration;
			baseConfigurationReference = C3C6BD1CD8F8345241D0FC43 /* Pods-DTripTests.release.xcconfig */;
			buildSettings = {
				ALWAYS_EMBED_SWIFT_STANDARD_LIBRARIES = YES;
				BUNDLE_LOADER = "$(TEST_HOST)";
				CODE_SIGN_STYLE = Automatic;
				DEVELOPMENT_TEAM = ARN263RGLR;
				INFOPLIST_FILE = DTripTests/Info.plist;
				LD_RUNPATH_SEARCH_PATHS = (
					"$(inherited)",
					"@executable_path/Frameworks",
					"@loader_path/Frameworks",
				);
				PRODUCT_BUNDLE_IDENTIFIER = ru.ooodin.DTripTests;
				PRODUCT_NAME = "$(TARGET_NAME)";
				SWIFT_VERSION = 4.2;
				TARGETED_DEVICE_FAMILY = "1,2";
				TEST_HOST = "$(BUILT_PRODUCTS_DIR)/DTrip.app/DTrip";
			};
			name = Release;
		};
/* End XCBuildConfiguration section */

/* Begin XCConfigurationList section */
		ECC3BEED21793BF900B6E87B /* Build configuration list for PBXProject "DTrip" */ = {
			isa = XCConfigurationList;
			buildConfigurations = (
				ECC3BF0D21793BFA00B6E87B /* Debug */,
				ECC3BF0E21793BFA00B6E87B /* Release */,
			);
			defaultConfigurationIsVisible = 0;
			defaultConfigurationName = Release;
		};
		ECC3BF0F21793BFA00B6E87B /* Build configuration list for PBXNativeTarget "DTrip" */ = {
			isa = XCConfigurationList;
			buildConfigurations = (
				ECC3BF1021793BFA00B6E87B /* Debug */,
				ECC3BF1121793BFA00B6E87B /* Release */,
			);
			defaultConfigurationIsVisible = 0;
			defaultConfigurationName = Release;
		};
		ECC3BF1221793BFA00B6E87B /* Build configuration list for PBXNativeTarget "DTripTests" */ = {
			isa = XCConfigurationList;
			buildConfigurations = (
				ECC3BF1321793BFA00B6E87B /* Debug */,
				ECC3BF1421793BFA00B6E87B /* Release */,
			);
			defaultConfigurationIsVisible = 0;
			defaultConfigurationName = Release;
		};
/* End XCConfigurationList section */
	};
	rootObject = ECC3BEEA21793BF900B6E87B /* Project object */;
}
